
Microsoft Visual Studio Solution File, Format Version 12.00
# Visual Studio Version 17
VisualStudioVersion = 17.5.33627.172
MinimumVisualStudioVersion = 10.0.40219.1
Project("{FAE04EC0-301F-11D3-BF4B-00C04F79EFBC}") = "BinaryListApp", "BinaryListApp\BinaryListApp.csproj", "{1C0587CD-7885-446E-BF75-E1CA42774542}"
EndProject
Global
	GlobalSection(SolutionConfigurationPlatforms) = preSolution
		Debug|Any CPU = Debug|Any CPU
		Release|Any CPU = Release|Any CPU
	EndGlobalSection
	GlobalSection(ProjectConfigurationPlatforms) = postSolution
		{1C0587CD-7885-446E-BF75-E1CA42774542}.Debug|Any CPU.ActiveCfg = Debug|Any CPU
		{1C0587CD-7885-446E-BF75-E1CA42774542}.Debug|Any CPU.Build.0 = Debug|Any CPU
		{1C0587CD-7885-446E-BF75-E1CA42774542}.Release|Any CPU.ActiveCfg = Release|Any CPU
		{1C0587CD-7885-446E-BF75-E1CA42774542}.Release|Any CPU.Build.0 = Release|Any CPU
	EndGlobalSection
	GlobalSection(SolutionProperties) = preSolution
		HideSolutionNode = FALSE
	EndGlobalSection
	GlobalSection(ExtensibilityGlobals) = postSolution
		SolutionGuid = {16644A24-B65A-4335-ADAE-119C00302CE6}
	EndGlobalSection
EndGlobal
